// !$*UTF8*$!
{
	archiveVersion = 1;
	classes = {
	};
	objectVersion = 50;
	objects = {

/* Begin PBXBuildFile section */
		4EC47C972156BE8D00359FD5 /* MovieViewModel.swift in Sources */ = {isa = PBXBuildFile; fileRef = 4EC47C962156BE8D00359FD5 /* MovieViewModel.swift */; };
		C3C4C89AFCA33459EAFD57EC /* Pods_Movies.framework in Frameworks */ = {isa = PBXBuildFile; fileRef = F5E538D09CE13075C0BD0637 /* Pods_Movies.framework */; };
		C781B64C21563D6B00CA0B7B /* URLConstants.swift in Sources */ = {isa = PBXBuildFile; fileRef = C781B64B21563D6B00CA0B7B /* URLConstants.swift */; };
		C781B64E215642D200CA0B7B /* Movie.swift in Sources */ = {isa = PBXBuildFile; fileRef = C781B64D215642D200CA0B7B /* Movie.swift */; };
		C79E715E2156223900C20853 /* AppDelegate.swift in Sources */ = {isa = PBXBuildFile; fileRef = C79E715D2156223900C20853 /* AppDelegate.swift */; };
		C79E71632156223900C20853 /* Main.storyboard in Resources */ = {isa = PBXBuildFile; fileRef = C79E71612156223900C20853 /* Main.storyboard */; };
		C79E71662156223900C20853 /* Movies.xcdatamodeld in Sources */ = {isa = PBXBuildFile; fileRef = C79E71642156223900C20853 /* Movies.xcdatamodeld */; };
		C79E71682156223B00C20853 /* Assets.xcassets in Resources */ = {isa = PBXBuildFile; fileRef = C79E71672156223B00C20853 /* Assets.xcassets */; };
		C79E716B2156223B00C20853 /* LaunchScreen.storyboard in Resources */ = {isa = PBXBuildFile; fileRef = C79E71692156223B00C20853 /* LaunchScreen.storyboard */; };
		C79E71762156277900C20853 /* MoviesListViewController.swift in Sources */ = {isa = PBXBuildFile; fileRef = C79E71752156277900C20853 /* MoviesListViewController.swift */; };
		C79E7179215627EA00C20853 /* APIManager.swift in Sources */ = {isa = PBXBuildFile; fileRef = C79E7178215627EA00C20853 /* APIManager.swift */; };
		C79E717B215627F800C20853 /* DatabaseManager.swift in Sources */ = {isa = PBXBuildFile; fileRef = C79E717A215627F800C20853 /* DatabaseManager.swift */; };
		C79E717E21562E1900C20853 /* MovieCell.swift in Sources */ = {isa = PBXBuildFile; fileRef = C79E717C21562E1900C20853 /* MovieCell.swift */; };
		C79E717F21562E1900C20853 /* MovieCell.xib in Resources */ = {isa = PBXBuildFile; fileRef = C79E717D21562E1900C20853 /* MovieCell.xib */; };
		C79E718221562F8000C20853 /* UiTableView+Extension.swift in Sources */ = {isa = PBXBuildFile; fileRef = C79E718121562F8000C20853 /* UiTableView+Extension.swift */; };
/* End PBXBuildFile section */

/* Begin PBXFileReference section */
		49439443BDCC558064F3361F /* Pods-Movies.debug.xcconfig */ = {isa = PBXFileReference; includeInIndex = 1; lastKnownFileType = text.xcconfig; name = "Pods-Movies.debug.xcconfig"; path = "Pods/Target Support Files/Pods-Movies/Pods-Movies.debug.xcconfig"; sourceTree = "<group>"; };
		4EC47C962156BE8D00359FD5 /* MovieViewModel.swift */ = {isa = PBXFileReference; lastKnownFileType = sourcecode.swift; path = MovieViewModel.swift; sourceTree = "<group>"; };
		C781B64B21563D6B00CA0B7B /* URLConstants.swift */ = {isa = PBXFileReference; lastKnownFileType = sourcecode.swift; path = URLConstants.swift; sourceTree = "<group>"; };
		C781B64D215642D200CA0B7B /* Movie.swift */ = {isa = PBXFileReference; lastKnownFileType = sourcecode.swift; path = Movie.swift; sourceTree = "<group>"; };
		C79E715A2156223900C20853 /* Movies.app */ = {isa = PBXFileReference; explicitFileType = wrapper.application; includeInIndex = 0; path = Movies.app; sourceTree = BUILT_PRODUCTS_DIR; };
		C79E715D2156223900C20853 /* AppDelegate.swift */ = {isa = PBXFileReference; lastKnownFileType = sourcecode.swift; path = AppDelegate.swift; sourceTree = "<group>"; };
		C79E71622156223900C20853 /* Base */ = {isa = PBXFileReference; lastKnownFileType = file.storyboard; name = Base; path = Base.lproj/Main.storyboard; sourceTree = "<group>"; };
		C79E71652156223900C20853 /* Movies.xcdatamodel */ = {isa = PBXFileReference; lastKnownFileType = wrapper.xcdatamodel; path = Movies.xcdatamodel; sourceTree = "<group>"; };
		C79E71672156223B00C20853 /* Assets.xcassets */ = {isa = PBXFileReference; lastKnownFileType = folder.assetcatalog; path = Assets.xcassets; sourceTree = "<group>"; };
		C79E716A2156223B00C20853 /* Base */ = {isa = PBXFileReference; lastKnownFileType = file.storyboard; name = Base; path = Base.lproj/LaunchScreen.storyboard; sourceTree = "<group>"; };
		C79E716C2156223B00C20853 /* Info.plist */ = {isa = PBXFileReference; lastKnownFileType = text.plist.xml; path = Info.plist; sourceTree = "<group>"; };
		C79E71752156277900C20853 /* MoviesListViewController.swift */ = {isa = PBXFileReference; lastKnownFileType = sourcecode.swift; path = MoviesListViewController.swift; sourceTree = "<group>"; };
		C79E7178215627EA00C20853 /* APIManager.swift */ = {isa = PBXFileReference; lastKnownFileType = sourcecode.swift; path = APIManager.swift; sourceTree = "<group>"; };
		C79E717A215627F800C20853 /* DatabaseManager.swift */ = {isa = PBXFileReference; lastKnownFileType = sourcecode.swift; path = DatabaseManager.swift; sourceTree = "<group>"; };
		C79E717C21562E1900C20853 /* MovieCell.swift */ = {isa = PBXFileReference; lastKnownFileType = sourcecode.swift; path = MovieCell.swift; sourceTree = "<group>"; };
		C79E717D21562E1900C20853 /* MovieCell.xib */ = {isa = PBXFileReference; lastKnownFileType = file.xib; path = MovieCell.xib; sourceTree = "<group>"; };
		C79E718121562F8000C20853 /* UiTableView+Extension.swift */ = {isa = PBXFileReference; lastKnownFileType = sourcecode.swift; path = "UiTableView+Extension.swift"; sourceTree = "<group>"; };
		E218B8BD5A6E85926479F088 /* Pods-Movies.release.xcconfig */ = {isa = PBXFileReference; includeInIndex = 1; lastKnownFileType = text.xcconfig; name = "Pods-Movies.release.xcconfig"; path = "Pods/Target Support Files/Pods-Movies/Pods-Movies.release.xcconfig"; sourceTree = "<group>"; };
		F5E538D09CE13075C0BD0637 /* Pods_Movies.framework */ = {isa = PBXFileReference; explicitFileType = wrapper.framework; includeInIndex = 0; path = Pods_Movies.framework; sourceTree = BUILT_PRODUCTS_DIR; };
/* End PBXFileReference section */

/* Begin PBXFrameworksBuildPhase section */
		C79E71572156223900C20853 /* Frameworks */ = {
			isa = PBXFrameworksBuildPhase;
			buildActionMask = 2147483647;
			files = (
				C3C4C89AFCA33459EAFD57EC /* Pods_Movies.framework in Frameworks */,
			);
			runOnlyForDeploymentPostprocessing = 0;
		};
/* End PBXFrameworksBuildPhase section */

/* Begin PBXGroup section */
		0B199B9674E96ACA83055C24 /* Pods */ = {
			isa = PBXGroup;
			children = (
				49439443BDCC558064F3361F /* Pods-Movies.debug.xcconfig */,
				E218B8BD5A6E85926479F088 /* Pods-Movies.release.xcconfig */,
			);
			name = Pods;
			sourceTree = "<group>";
		};
		4EC47C952156BE7500359FD5 /* ViewModel */ = {
			isa = PBXGroup;
			children = (
				4EC47C962156BE8D00359FD5 /* MovieViewModel.swift */,
			);
			path = ViewModel;
			sourceTree = "<group>";
		};
		C79E71512156223900C20853 = {
			isa = PBXGroup;
			children = (
				C79E715C2156223900C20853 /* Movies */,
				C79E715B2156223900C20853 /* Products */,
				0B199B9674E96ACA83055C24 /* Pods */,
				F54779EB43B24103E1593686 /* Frameworks */,
			);
			sourceTree = "<group>";
		};
		C79E715B2156223900C20853 /* Products */ = {
			isa = PBXGroup;
			children = (
				C79E715A2156223900C20853 /* Movies.app */,
			);
			name = Products;
			sourceTree = "<group>";
		};
		C79E715C2156223900C20853 /* Movies */ = {
			isa = PBXGroup;
			children = (
				4EC47C952156BE7500359FD5 /* ViewModel */,
				C79E718021562F3B00C20853 /* Utilities */,
				C79E7177215627B600C20853 /* Managers */,
				C79E71742156275300C20853 /* Model */,
				C79E71732156274800C20853 /* View */,
				C79E71722156273600C20853 /* Controller */,
				C79E715D2156223900C20853 /* AppDelegate.swift */,
				C79E71612156223900C20853 /* Main.storyboard */,
				C79E71672156223B00C20853 /* Assets.xcassets */,
				C79E71692156223B00C20853 /* LaunchScreen.storyboard */,
				C79E716C2156223B00C20853 /* Info.plist */,
				C79E71642156223900C20853 /* Movies.xcdatamodeld */,
			);
			path = Movies;
			sourceTree = "<group>";
		};
		C79E71722156273600C20853 /* Controller */ = {
			isa = PBXGroup;
			children = (
				C79E71752156277900C20853 /* MoviesListViewController.swift */,
			);
			path = Controller;
			sourceTree = "<group>";
		};
		C79E71732156274800C20853 /* View */ = {
			isa = PBXGroup;
			children = (
				C79E717C21562E1900C20853 /* MovieCell.swift */,
				C79E717D21562E1900C20853 /* MovieCell.xib */,
			);
			path = View;
			sourceTree = "<group>";
		};
		C79E71742156275300C20853 /* Model */ = {
			isa = PBXGroup;
			children = (
				C781B64D215642D200CA0B7B /* Movie.swift */,
			);
			path = Model;
			sourceTree = "<group>";
		};
		C79E7177215627B600C20853 /* Managers */ = {
			isa = PBXGroup;
			children = (
				C79E7178215627EA00C20853 /* APIManager.swift */,
				C79E717A215627F800C20853 /* DatabaseManager.swift */,
			);
			path = Managers;
			sourceTree = "<group>";
		};
		C79E718021562F3B00C20853 /* Utilities */ = {
			isa = PBXGroup;
			children = (
				C79E718121562F8000C20853 /* UiTableView+Extension.swift */,
				C781B64B21563D6B00CA0B7B /* URLConstants.swift */,
			);
			path = Utilities;
			sourceTree = "<group>";
		};
		F54779EB43B24103E1593686 /* Frameworks */ = {
			isa = PBXGroup;
			children = (
				F5E538D09CE13075C0BD0637 /* Pods_Movies.framework */,
			);
			name = Frameworks;
			sourceTree = "<group>";
		};
/* End PBXGroup section */

/* Begin PBXNativeTarget section */
		C79E71592156223900C20853 /* Movies */ = {
			isa = PBXNativeTarget;
			buildConfigurationList = C79E716F2156223B00C20853 /* Build configuration list for PBXNativeTarget "Movies" */;
			buildPhases = (
				22C6CA9A193E36E71AC763C5 /* [CP] Check Pods Manifest.lock */,
				C79E71562156223900C20853 /* Sources */,
				C79E71572156223900C20853 /* Frameworks */,
				C79E71582156223900C20853 /* Resources */,
				F9211749F17FD5138FBBE6B7 /* [CP] Embed Pods Frameworks */,
			);
			buildRules = (
			);
			dependencies = (
			);
			name = Movies;
			productName = Movies;
			productReference = C79E715A2156223900C20853 /* Movies.app */;
			productType = "com.apple.product-type.application";
		};
/* End PBXNativeTarget section */

/* Begin PBXProject section */
		C79E71522156223900C20853 /* Project object */ = {
			isa = PBXProject;
			attributes = {
				LastSwiftUpdateCheck = 0940;
				LastUpgradeCheck = 0940;
				ORGANIZATIONNAME = Sakhatech;
				TargetAttributes = {
					C79E71592156223900C20853 = {
						CreatedOnToolsVersion = 9.4.1;
					};
				};
			};
			buildConfigurationList = C79E71552156223900C20853 /* Build configuration list for PBXProject "Movies" */;
			compatibilityVersion = "Xcode 9.3";
			developmentRegion = en;
			hasScannedForEncodings = 0;
			knownRegions = (
				en,
				Base,
			);
			mainGroup = C79E71512156223900C20853;
			productRefGroup = C79E715B2156223900C20853 /* Products */;
			projectDirPath = "";
			projectRoot = "";
			targets = (
				C79E71592156223900C20853 /* Movies */,
			);
		};
/* End PBXProject section */

/* Begin PBXResourcesBuildPhase section */
		C79E71582156223900C20853 /* Resources */ = {
			isa = PBXResourcesBuildPhase;
			buildActionMask = 2147483647;
			files = (
				C79E716B2156223B00C20853 /* LaunchScreen.storyboard in Resources */,
				C79E71682156223B00C20853 /* Assets.xcassets in Resources */,
				C79E717F21562E1900C20853 /* MovieCell.xib in Resources */,
				C79E71632156223900C20853 /* Main.storyboard in Resources */,
			);
			runOnlyForDeploymentPostprocessing = 0;
		};
/* End PBXResourcesBuildPhase section */

/* Begin PBXShellScriptBuildPhase section */
		22C6CA9A193E36E71AC763C5 /* [CP] Check Pods Manifest.lock */ = {
			isa = PBXShellScriptBuildPhase;
			buildActionMask = 2147483647;
			files = (
			);
			inputPaths = (
				"${PODS_PODFILE_DIR_PATH}/Podfile.lock",
				"${PODS_ROOT}/Manifest.lock",
			);
			name = "[CP] Check Pods Manifest.lock";
			outputPaths = (
				"$(DERIVED_FILE_DIR)/Pods-Movies-checkManifestLockResult.txt",
			);
			runOnlyForDeploymentPostprocessing = 0;
			shellPath = /bin/sh;
			shellScript = "diff \"${PODS_PODFILE_DIR_PATH}/Podfile.lock\" \"${PODS_ROOT}/Manifest.lock\" > /dev/null\nif [ $? != 0 ] ; then\n    # print error to STDERR\n    echo \"error: The sandbox is not in sync with the Podfile.lock. Run 'pod install' or update your CocoaPods installation.\" >&2\n    exit 1\nfi\n# This output is used by Xcode 'outputs' to avoid re-running this script phase.\necho \"SUCCESS\" > \"${SCRIPT_OUTPUT_FILE_0}\"\n";
			showEnvVarsInLog = 0;
		};
		F9211749F17FD5138FBBE6B7 /* [CP] Embed Pods Frameworks */ = {
			isa = PBXShellScriptBuildPhase;
			buildActionMask = 2147483647;
			files = (
			);
			inputPaths = (
				"${SRCROOT}/Pods/Target Support Files/Pods-Movies/Pods-Movies-frameworks.sh",
				"${BUILT_PRODUCTS_DIR}/Alamofire/Alamofire.framework",
				"${BUILT_PRODUCTS_DIR}/Cosmos/Cosmos.framework",
				"${BUILT_PRODUCTS_DIR}/Kingfisher/Kingfisher.framework",
			);
			name = "[CP] Embed Pods Frameworks";
			outputPaths = (
				"${TARGET_BUILD_DIR}/${FRAMEWORKS_FOLDER_PATH}/Alamofire.framework",
				"${TARGET_BUILD_DIR}/${FRAMEWORKS_FOLDER_PATH}/Cosmos.framework",
				"${TARGET_BUILD_DIR}/${FRAMEWORKS_FOLDER_PATH}/Kingfisher.framework",
			);
			runOnlyForDeploymentPostprocessing = 0;
			shellPath = /bin/sh;
			shellScript = "\"${SRCROOT}/Pods/Target Support Files/Pods-Movies/Pods-Movies-frameworks.sh\"\n";
			showEnvVarsInLog = 0;
		};
/* End PBXShellScriptBuildPhase section */

/* Begin PBXSourcesBuildPhase section */
		C79E71562156223900C20853 /* Sources */ = {
			isa = PBXSourcesBuildPhase;
			buildActionMask = 2147483647;
			files = (
				C79E71662156223900C20853 /* Movies.xcdatamodeld in Sources */,
				4EC47C972156BE8D00359FD5 /* MovieViewModel.swift in Sources */,
				C79E717B215627F800C20853 /* DatabaseManager.swift in Sources */,
				C781B64E215642D200CA0B7B /* Movie.swift in Sources */,
				C79E718221562F8000C20853 /* UiTableView+Extension.swift in Sources */,
				C79E717E21562E1900C20853 /* MovieCell.swift in Sources */,
				C79E7179215627EA00C20853 /* APIManager.swift in Sources */,
				C781B64C21563D6B00CA0B7B /* URLConstants.swift in Sources */,
				C79E715E2156223900C20853 /* AppDelegate.swift in Sources */,
				C79E71762156277900C20853 /* MoviesListViewController.swift in Sources */,
			);
			runOnlyForDeploymentPostprocessing = 0;
		};
/* End PBXSourcesBuildPhase section */

/* Begin PBXVariantGroup section */
		C79E71612156223900C20853 /* Main.storyboard */ = {
			isa = PBXVariantGroup;
			children = (
				C79E71622156223900C20853 /* Base */,
			);
			name = Main.storyboard;
			sourceTree = "<group>";
		};
		C79E71692156223B00C20853 /* LaunchScreen.storyboard */ = {
			isa = PBXVariantGroup;
			children = (
				C79E716A2156223B00C20853 /* Base */,
			);
			name = LaunchScreen.storyboard;
			sourceTree = "<group>";
		};
/* End PBXVariantGroup section */

/* Begin XCBuildConfiguration section */
		C79E716D2156223B00C20853 /* Debug */ = {
			isa = XCBuildConfiguration;
			buildSettings = {
				ALWAYS_SEARCH_USER_PATHS = NO;
				CLANG_ANALYZER_NONNULL = YES;
				CLANG_ANALYZER_NUMBER_OBJECT_CONVERSION = YES_AGGRESSIVE;
				CLANG_CXX_LANGUAGE_STANDARD = "gnu++14";
				CLANG_CXX_LIBRARY = "libc++";
				CLANG_ENABLE_MODULES = YES;
				CLANG_ENABLE_OBJC_ARC = YES;
				CLANG_ENABLE_OBJC_WEAK = YES;
				CLANG_WARN_BLOCK_CAPTURE_AUTORELEASING = YES;
				CLANG_WARN_BOOL_CONVERSION = YES;
				CLANG_WARN_COMMA = YES;
				CLANG_WARN_CONSTANT_CONVERSION = YES;
				CLANG_WARN_DEPRECATED_OBJC_IMPLEMENTATIONS = YES;
				CLANG_WARN_DIRECT_OBJC_ISA_USAGE = YES_ERROR;
				CLANG_WARN_DOCUMENTATION_COMMENTS = YES;
				CLANG_WARN_EMPTY_BODY = YES;
				CLANG_WARN_ENUM_CONVERSION = YES;
				CLANG_WARN_INFINITE_RECURSION = YES;
				CLANG_WARN_INT_CONVERSION = YES;
				CLANG_WARN_NON_LITERAL_NULL_CONVERSION = YES;
				CLANG_WARN_OBJC_IMPLICIT_RETAIN_SELF = YES;
				CLANG_WARN_OBJC_LITERAL_CONVERSION = YES;
				CLANG_WARN_OBJC_ROOT_CLASS = YES_ERROR;
				CLANG_WARN_RANGE_LOOP_ANALYSIS = YES;
				CLANG_WARN_STRICT_PROTOTYPES = YES;
				CLANG_WARN_SUSPICIOUS_MOVE = YES;
				CLANG_WARN_UNGUARDED_AVAILABILITY = YES_AGGRESSIVE;
				CLANG_WARN_UNREACHABLE_CODE = YES;
				CLANG_WARN__DUPLICATE_METHOD_MATCH = YES;
				CODE_SIGN_IDENTITY = "iPhone Developer";
				COPY_PHASE_STRIP = NO;
				DEBUG_INFORMATION_FORMAT = dwarf;
				ENABLE_STRICT_OBJC_MSGSEND = YES;
				ENABLE_TESTABILITY = YES;
				GCC_C_LANGUAGE_STANDARD = gnu11;
				GCC_DYNAMIC_NO_PIC = NO;
				GCC_NO_COMMON_BLOCKS = YES;
				GCC_OPTIMIZATION_LEVEL = 0;
				GCC_PREPROCESSOR_DEFINITIONS = (
					"DEBUG=1",
					"$(inherited)",
				);
				GCC_WARN_64_TO_32_BIT_CONVERSION = YES;
				GCC_WARN_ABOUT_RETURN_TYPE = YES_ERROR;
				GCC_WARN_UNDECLARED_SELECTOR = YES;
				GCC_WARN_UNINITIALIZED_AUTOS = YES_AGGRESSIVE;
				GCC_WARN_UNUSED_FUNCTION = YES;
				GCC_WARN_UNUSED_VARIABLE = YES;
				IPHONEOS_DEPLOYMENT_TARGET = 11.4;
				MTL_ENABLE_DEBUG_INFO = YES;
				ONLY_ACTIVE_ARCH = YES;
				SDKROOT = iphoneos;
				SWIFT_ACTIVE_COMPILATION_CONDITIONS = DEBUG;
				SWIFT_OPTIMIZATION_LEVEL = "-Onone";
			};
			name = Debug;
		};
		C79E716E2156223B00C20853 /* Release */ = {
			isa = XCBuildConfiguration;
			buildSettings = {
				ALWAYS_SEARCH_USER_PATHS = NO;
				CLANG_ANALYZER_NONNULL = YES;
				CLANG_ANALYZER_NUMBER_OBJECT_CONVERSION = YES_AGGRESSIVE;
				CLANG_CXX_LANGUAGE_STANDARD = "gnu++14";
				CLANG_CXX_LIBRARY = "libc++";
				CLANG_ENABLE_MODULES = YES;
				CLANG_ENABLE_OBJC_ARC = YES;
				CLANG_ENABLE_OBJC_WEAK = YES;
				CLANG_WARN_BLOCK_CAPTURE_AUTORELEASING = YES;
				CLANG_WARN_BOOL_CONVERSION = YES;
				CLANG_WARN_COMMA = YES;
				CLANG_WARN_CONSTANT_CONVERSION = YES;
				CLANG_WARN_DEPRECATED_OBJC_IMPLEMENTATIONS = YES;
				CLANG_WARN_DIRECT_OBJC_ISA_USAGE = YES_ERROR;
				CLANG_WARN_DOCUMENTATION_COMMENTS = YES;
				CLANG_WARN_EMPTY_BODY = YES;
				CLANG_WARN_ENUM_CONVERSION = YES;
				CLANG_WARN_INFINITE_RECURSION = YES;
				CLANG_WARN_INT_CONVERSION = YES;
				CLANG_WARN_NON_LITERAL_NULL_CONVERSION = YES;
				CLANG_WARN_OBJC_IMPLICIT_RETAIN_SELF = YES;
				CLANG_WARN_OBJC_LITERAL_CONVERSION = YES;
				CLANG_WARN_OBJC_ROOT_CLASS = YES_ERROR;
				CLANG_WARN_RANGE_LOOP_ANALYSIS = YES;
				CLANG_WARN_STRICT_PROTOTYPES = YES;
				CLANG_WARN_SUSPICIOUS_MOVE = YES;
				CLANG_WARN_UNGUARDED_AVAILABILITY = YES_AGGRESSIVE;
				CLANG_WARN_UNREACHABLE_CODE = YES;
				CLANG_WARN__DUPLICATE_METHOD_MATCH = YES;
				CODE_SIGN_IDENTITY = "iPhone Developer";
				COPY_PHASE_STRIP = NO;
				DEBUG_INFORMATION_FORMAT = "dwarf-with-dsym";
				ENABLE_NS_ASSERTIONS = NO;
				ENABLE_STRICT_OBJC_MSGSEND = YES;
				GCC_C_LANGUAGE_STANDARD = gnu11;
				GCC_NO_COMMON_BLOCKS = YES;
				GCC_WARN_64_TO_32_BIT_CONVERSION = YES;
				GCC_WARN_ABOUT_RETURN_TYPE = YES_ERROR;
				GCC_WARN_UNDECLARED_SELECTOR = YES;
				GCC_WARN_UNINITIALIZED_AUTOS = YES_AGGRESSIVE;
				GCC_WARN_UNUSED_FUNCTION = YES;
				GCC_WARN_UNUSED_VARIABLE = YES;
				IPHONEOS_DEPLOYMENT_TARGET = 11.4;
				MTL_ENABLE_DEBUG_INFO = NO;
				SDKROOT = iphoneos;
				SWIFT_COMPILATION_MODE = wholemodule;
				SWIFT_OPTIMIZATION_LEVEL = "-O";
				VALIDATE_PRODUCT = YES;
			};
			name = Release;
		};
		C79E71702156223B00C20853 /* Debug */ = {
			isa = XCBuildConfiguration;
			baseConfigurationReference = 49439443BDCC558064F3361F /* Pods-Movies.debug.xcconfig */;
			buildSettings = {
				ASSETCATALOG_COMPILER_APPICON_NAME = AppIcon;
				CODE_SIGN_STYLE = Automatic;
				DEVELOPMENT_TEAM = GJH33DS6EX;
				INFOPLIST_FILE = Movies/Info.plist;
				IPHONEOS_DEPLOYMENT_TARGET = 10.0;
				LD_RUNPATH_SEARCH_PATHS = (
					"$(inherited)",
					"@executable_path/Frameworks",
				);
				PRODUCT_BUNDLE_IDENTIFIER = com.sakhatech.Movies;
				PRODUCT_NAME = "$(TARGET_NAME)";
				SWIFT_VERSION = 4.0;
				TARGETED_DEVICE_FAMILY = "1,2";
			};
			name = Debug;
		};
		C79E71712156223B00C20853 /* Release */ = {
			isa = XCBuildConfiguration;
			baseConfigurationReference = E218B8BD5A6E85926479F088 /* Pods-Movies.release.xcconfig */;
			buildSettings = {
				ASSETCATALOG_COMPILER_APPICON_NAME = AppIcon;
				CODE_SIGN_STYLE = Automatic;
				DEVELOPMENT_TEAM = GJH33DS6EX;
				INFOPLIST_FILE = Movies/Info.plist;
				IPHONEOS_DEPLOYMENT_TARGET = 10.0;
				LD_RUNPATH_SEARCH_PATHS = (
					"$(inherited)",
					"@executable_path/Frameworks",
				);
				PRODUCT_BUNDLE_IDENTIFIER = com.sakhatech.Movies;
				PRODUCT_NAME = "$(TARGET_NAME)";
				SWIFT_VERSION = 4.0;
				TARGETED_DEVICE_FAMILY = "1,2";
			};
			name = Release;
		};
/* End XCBuildConfiguration section */

/* Begin XCConfigurationList section */
		C79E71552156223900C20853 /* Build configuration list for PBXProject "Movies" */ = {
			isa = XCConfigurationList;
			buildConfigurations = (
				C79E716D2156223B00C20853 /* Debug */,
				C79E716E2156223B00C20853 /* Release */,
			);
			defaultConfigurationIsVisible = 0;
			defaultConfigurationName = Release;
		};
		C79E716F2156223B00C20853 /* Build configuration list for PBXNativeTarget "Movies" */ = {
			isa = XCConfigurationList;
			buildConfigurations = (
				C79E71702156223B00C20853 /* Debug */,
				C79E71712156223B00C20853 /* Release */,
			);
			defaultConfigurationIsVisible = 0;
			defaultConfigurationName = Release;
		};
/* End XCConfigurationList section */

/* Begin XCVersionGroup section */
		C79E71642156223900C20853 /* Movies.xcdatamodeld */ = {
			isa = XCVersionGroup;
			children = (
				C79E71652156223900C20853 /* Movies.xcdatamodel */,
			);
			currentVersion = C79E71652156223900C20853 /* Movies.xcdatamodel */;
			path = Movies.xcdatamodeld;
			sourceTree = "<group>";
			versionGroupType = wrapper.xcdatamodel;
		};
/* End XCVersionGroup section */
	};
	rootObject = C79E71522156223900C20853 /* Project object */;
}
